
Microsoft Visual Studio Solution File, Format Version 12.00
# Visual Studio 15
VisualStudioVersion = 15.0.28307.329
MinimumVisualStudioVersion = 10.0.40219.1
Project("{FAE04EC0-301F-11D3-BF4B-00C04F79EFBC}") = "Labs", "Labs\Labs.csproj", "{3A9499D7-4411-4844-AD47-5616E44ECCDC}"
EndProject
Global
	GlobalSection(SolutionConfigurationPlatforms) = preSolution
		Debug|Any CPU = Debug|Any CPU
		Release|Any CPU = Release|Any CPU
	EndGlobalSection
	GlobalSection(ProjectConfigurationPlatforms) = postSolution
		{3A9499D7-4411-4844-AD47-5616E44ECCDC}.Debug|Any CPU.ActiveCfg = Debug|Any CPU
		{3A9499D7-4411-4844-AD47-5616E44ECCDC}.Debug|Any CPU.Build.0 = Debug|Any CPU
		{3A9499D7-4411-4844-AD47-5616E44ECCDC}.Release|Any CPU.ActiveCfg = Release|Any CPU
		{3A9499D7-4411-4844-AD47-5616E44ECCDC}.Release|Any CPU.Build.0 = Release|Any CPU
	EndGlobalSection
	GlobalSection(SolutionProperties) = preSolution
		HideSolutionNode = FALSE
	EndGlobalSection
	GlobalSection(ExtensibilityGlobals) = postSolution
		SolutionGuid = {1035B315-808E-48B9-887B-E99975F39297}
	EndGlobalSection
EndGlobal
